dependencies:
  atom-languageclient: 1.0.7
devDependencies:
  prettier: 2.1.2
lockfileVersion: 5.2
packages:
  /atom-languageclient/1.0.7:
    dependencies:
      vscode-jsonrpc: 5.0.1
      vscode-languageserver-protocol: 3.15.3
      vscode-languageserver-types: 3.15.1
      zadeh: 2.0.2
    dev: false
    resolution:
      integrity: sha512-9EVcfKCD/fu8Itn7BJhknZaojg4jpb2yYG4IwgFVYncPp9x61JMto1UXVxK+MWHaf+OT6HqPdaQDQEpCvlZgBQ==
  /bindings/1.5.0:
    dependencies:
      file-uri-to-path: 1.0.0
    dev: false
    resolution:
      integrity: sha512-p2q/t/mhvuOj/UeLlV6566GD/guowlr0hHxClI0W9m7MWYkL1F0hLo+0Aexs9HSPCtR1SXQ0TD3MMKrXZajbiQ==
  /file-uri-to-path/1.0.0:
    dev: false
    resolution:
      integrity: sha512-0Zt+s3L7Vf1biwWZ29aARiVYLx7iMGnEUl9x33fbB/j3jR81u/O2LbqK+Bm1CDSNDKVtJ/YjwY7TUd5SkeLQLw==
  /node-addon-api/3.1.0:
    dev: false
    resolution:
      integrity: sha512-flmrDNB06LIl5lywUz7YlNGZH/5p0M7W28k8hzd9Lshtdh1wshD2Y+U4h9LD6KObOy1f+fEVdgprPrEymjM5uw==
  /node-gyp-build/4.2.3:
    dev: false
    hasBin: true
    resolution:
      integrity: sha512-MN6ZpzmfNCRM+3t57PTJHgHyw/h4OWnZ6mR8P5j/uZtqQr46RRuDE/P+g3n0YR/AiYXeWixZZzaip77gdICfRg==
  /prettier/2.1.2:
    dev: true
    engines:
      node: '>=10.13.0'
    hasBin: true
    resolution:
      integrity: sha512-16c7K+x4qVlJg9rEbXl7HEGmQyZlG4R9AgP+oHKRMsMsuk8s+ATStlf1NpDqyBI1HpVyfjLOeMhH2LvuNvV5Vg==
  /vscode-jsonrpc/5.0.1:
    dev: false
    engines:
      node: '>=8.0.0 || >=10.0.0'
    resolution:
      integrity: sha512-JvONPptw3GAQGXlVV2utDcHx0BiY34FupW/kI6mZ5x06ER5DdPG/tXWMVHjTNULF5uKPOUUD0SaXg5QaubJL0A==
  /vscode-languageserver-protocol/3.15.3:
    dependencies:
      vscode-jsonrpc: 5.0.1
      vscode-languageserver-types: 3.15.1
    dev: false
    resolution:
      integrity: sha512-zrMuwHOAQRhjDSnflWdJG+O2ztMWss8GqUUB8dXLR/FPenwkiBNkMIJJYfSN6sgskvsF0rHAoBowNQfbyZnnvw==
  /vscode-languageserver-types/3.15.1:
    dev: false
    resolution:
      integrity: sha512-+a9MPUQrNGRrGU630OGbYVQ+11iOIovjCkqxajPa9w57Sd5ruK8WQNsslzpa0x/QJqC8kRc2DUxWjIFwoNm4ZQ==
  /zadeh/2.0.2:
    dependencies:
      bindings: 1.5.0
      node-addon-api: 3.1.0
      node-gyp-build: 4.2.3
    dev: false
    requiresBuild: true
    resolution:
      integrity: sha512-20vaD+PTkqYHuvKMDMfFSOYaw4QB6tLQQteHF2mjhnXfeyP0+sCEaord7mI5QdPwrOnR4TAMi9AS2zBL/HA0BQ==
specifiers:
  atom-languageclient: ^1.0.0
  prettier: ^2.1.2
